# Generated by buf. DO NOT EDIT.
version: v2
deps:
  - name: buf.build/envoyproxy/protoc-gen-validate
    commit: daf171c6cdb54629b5f51e345a79e4dd
    digest: b5:c745e1521879f43740230b1df673d0729f55704efefdcfc489d4a0a2d40c92a26cacfeab62813403040a8b180142d53b398c7ca784a065e43823605ee49681de
  - name: buf.build/googleapis/googleapis
    commit: e93e34f48be043dab55be31b4b47f458
    digest: b5:cebe5dfac5f7d67c55296f37ad9d368dba8d9862777e69d5d99eb1d72dc95fa68cd6323b483ca42cf70e66060002c1bc36e1f5f754b217a5c771c108eb243dbf
